{
  "nodes": {
    "ags": {
      "inputs": {
        "astal": "astal",
        "nixpkgs": [
          "roc-ags-shell",
          "nixpkgs"
        ]
      },
      "locked": {
        "lastModified": 1775689345,
        "narHash": "sha256-tM3s7CX+tgxlYW0Sk3nzVThg2MHn08foIuMxABupxIs=",
        "owner": "aylur",
        "repo": "ags",
        "rev": "bbee2f18939f1ec7ff720e717cf305e73635628f",
        "type": "github"
      },
      "original": {
        "owner": "aylur",
        "repo": "ags",
        "type": "github"
      }
    },
    "astal": {
      "inputs": {
        "nixpkgs": [
          "roc-ags-shell",
          "ags",
          "nixpkgs"
        ]
      },
      "locked": {
        "lastModified": 1773914523,
        "narHash": "sha256-GOL+bR30FPImAzy4NNsTMY1gpoINMsLTXR0WJBRSq30=",
        "owner": "aylur",
        "repo": "astal",
        "rev": "41b50290c6a1cdce7b482897c22fe49286912b9a",
        "type": "github"
      },
      "original": {
        "owner": "aylur",
        "repo": "astal",
        "type": "github"
      }
    },
    "flake-parts": {
      "inputs": {
        "nixpkgs-lib": [
          "nixvim",
          "nixpkgs"
        ]
      },
      "locked": {
        "lastModified": 1778716662,
        "narHash": "sha256-m1Yf0wZ8j1OHjTc2UwHwyQRSnNeSgLJOd7q5Y45hzi4=",
        "owner": "hercules-ci",
        "repo": "flake-parts",
        "rev": "f7c1a2d347e4c52d5fb8d10cb4d94b5884e546fb",
        "type": "github"
      },
      "original": {
        "owner": "hercules-ci",
        "repo": "flake-parts",
        "type": "github"
      }
    },
    "flake-utils": {
      "inputs": {
        "systems": "systems_2"
      },
      "locked": {
        "lastModified": 1694529238,
        "narHash": "sha256-zsNZZGTGnMOf9YpHKJqMSsa0dXbfmxeoJ7xHlrt+xmY=",
        "owner": "numtide",
        "repo": "flake-utils",
        "rev": "ff7b65b44d01cf9ba6a71320833626af21126384",
        "type": "github"
      },
      "original": {
        "owner": "numtide",
        "repo": "flake-utils",
        "type": "github"
      }
    },
    "home-manager": {
      "inputs": {
        "nixpkgs": [
          "nixpkgs"
        ]
      },
      "locked": {
        "lastModified": 1780679734,
        "narHash": "sha256-KmRNvpNOb7QEORa06bVgjW9kITcx0VhsI7w0vhmZyD8=",
        "owner": "nix-community",
        "repo": "home-manager",
        "rev": "b2b7db486e06e098711dc291bb25db82850e1d16",
        "type": "github"
      },
      "original": {
        "owner": "nix-community",
        "repo": "home-manager",
        "type": "github"
      }
    },
    "nixpkgs": {
      "locked": {
        "lastModified": 1780243769,
        "narHash": "sha256-x5UQuRsH3MqI0U9afaXSNqzTPSeZlRLvFAav2Ux1pNw=",
        "owner": "NixOS",
        "repo": "nixpkgs",
        "rev": "331800de5053fcebacf6813adb5db9c9dca22a0c",
        "type": "github"
      },
      "original": {
        "owner": "NixOS",
        "ref": "nixos-unstable",
        "repo": "nixpkgs",
        "type": "github"
      }
    },
    "nixpkgs_2": {
      "locked": {
        "lastModified": 1780336545,
        "narHash": "sha256-vhVhuXzFrIOfcssC/9hDHx7MHzDKjF3keHuREOQqQiQ=",
        "owner": "NixOS",
        "repo": "nixpkgs",
        "rev": "4df1b885d76a54e1aa1a318f8d16fd6005b6401f",
        "type": "github"
      },
      "original": {
        "owner": "NixOS",
        "ref": "nixpkgs-unstable",
        "repo": "nixpkgs",
        "type": "github"
      }
    },
    "nixpkgs_3": {
      "locked": {
        "lastModified": 1778869304,
        "narHash": "sha256-30sZNZoA1cqF5JNO9fVX+wgiQYjB7HJqqJ4ztCDeBZE=",
        "owner": "nixos",
        "repo": "nixpkgs",
        "rev": "d233902339c02a9c334e7e593de68855ad26c4cb",
        "type": "github"
      },
      "original": {
        "owner": "nixos",
        "ref": "nixos-unstable",
        "repo": "nixpkgs",
        "type": "github"
      }
    },
    "nixvim": {
      "inputs": {
        "flake-parts": "flake-parts",
        "nixpkgs": "nixpkgs_2",
        "systems": "systems"
      },
      "locked": {
        "lastModified": 1780869305,
        "narHash": "sha256-acE+jJPFGtf2moWbHB/kgKSKspcBYOc5Tz6WPFFFPW4=",
        "owner": "nix-community",
        "repo": "nixvim",
        "rev": "643284206b9fe4761fd1417025aebf6903b31fa5",
        "type": "github"
      },
      "original": {
        "owner": "nix-community",
        "repo": "nixvim",
        "type": "github"
      }
    },
    "plasma-manager": {
      "inputs": {
        "home-manager": [
          "home-manager"
        ],
        "nixpkgs": [
          "nixpkgs"
        ]
      },
      "locked": {
        "lastModified": 1775856943,
        "narHash": "sha256-b7Mp7P+q2Md5AGt4rjHfMcBykzMumFTen10ST++AuTU=",
        "owner": "nix-community",
        "repo": "plasma-manager",
        "rev": "a524a6160e6df89f7673ba293cf7d78b559eb1a5",
        "type": "github"
      },
      "original": {
        "owner": "nix-community",
        "repo": "plasma-manager",
        "type": "github"
      }
    },
    "quickshell": {
      "inputs": {
        "nixpkgs": [
          "nixpkgs"
        ]
      },
      "locked": {
        "lastModified": 1780303737,
        "narHash": "sha256-7HgdJBG4BgAPDyHKKxWtxj7nziqsQo6zQCXtwy+L9fs=",
        "ref": "refs/heads/master",
        "rev": "b66495fcc5022681b56b61f928c7acbe910e722c",
        "revCount": 821,
        "type": "git",
        "url": "https://git.outfoxxed.me/outfoxxed/quickshell"
      },
      "original": {
        "type": "git",
        "url": "https://git.outfoxxed.me/outfoxxed/quickshell"
      }
    },
    "roc-ags-shell": {
      "inputs": {
        "ags": "ags",
        "nixpkgs": "nixpkgs_3"
      },
      "locked": {
        "path": "derivs/roc-shell-ags",
        "type": "path"
      },
      "original": {
        "path": "derivs/roc-shell-ags",
        "type": "path"
      },
      "parent": []
    },
    "root": {
      "inputs": {
        "home-manager": "home-manager",
        "nixpkgs": "nixpkgs",
        "nixvim": "nixvim",
        "plasma-manager": "plasma-manager",
        "quickshell": "quickshell",
        "roc-ags-shell": "roc-ags-shell",
        "solaar": "solaar",
        "zen-browser": "zen-browser"
      }
    },
    "solaar": {
      "inputs": {
        "nixpkgs": [
          "nixpkgs"
        ],
        "utils": "utils"
      },
      "locked": {
        "lastModified": 1767894877,
        "narHash": "sha256-DB9vEEnEYilGUaHCljMRzT1embzD7uEjJugzRJgiLos=",
        "rev": "f5cac914bdeeecac7fca07e99c8fee18336f5bd5",
        "revCount": 82,
        "type": "tarball",
        "url": "https://api.flakehub.com/f/pinned/Svenum/Solaar-Flake/0.1.7/019b9ec0-91a0-71bb-a11f-fd6fd16eb839/source.tar.gz"
      },
      "original": {
        "type": "tarball",
        "url": "https://flakehub.com/f/Svenum/Solaar-Flake/%2A.tar.gz"
      }
    },
    "systems": {
      "locked": {
        "lastModified": 1774449309,
        "narHash": "sha256-brhZ8DmuGtzkCYHJg4HEd602amKm89Y9ytsFZ5uWD1w=",
        "owner": "nix-systems",
        "repo": "default",
        "rev": "c29398b59d2048c4ab79345812849c9bd15e9150",
        "type": "github"
      },
      "original": {
        "owner": "nix-systems",
        "ref": "future-26.11",
        "repo": "default",
        "type": "github"
      }
    },
    "systems_2": {
      "locked": {
        "lastModified": 1681028828,
        "narHash": "sha256-Vy1rq5AaRuLzOxct8nz4T6wlgyUR7zLU309k9mBC768=",
        "owner": "nix-systems",
        "repo": "default",
        "rev": "da67096a3b9bf56a91d16901293e51ba5b49a27e",
        "type": "github"
      },
      "original": {
        "owner": "nix-systems",
        "repo": "default",
        "type": "github"
      }
    },
    "utils": {
      "inputs": {
        "flake-utils": "flake-utils"
      },
      "locked": {
        "lastModified": 1738591040,
        "narHash": "sha256-4WNeriUToshQ/L5J+dTSWC5OJIwT39SEP7V7oylndi8=",
        "owner": "gytis-ivaskevicius",
        "repo": "flake-utils-plus",
        "rev": "afcb15b845e74ac5e998358709b2b5fe42a948d1",
        "type": "github"
      },
      "original": {
        "owner": "gytis-ivaskevicius",
        "repo": "flake-utils-plus",
        "rev": "afcb15b845e74ac5e998358709b2b5fe42a948d1",
        "type": "github"
      }
    },
    "zen-browser": {
      "inputs": {
        "nixpkgs": [
          "nixpkgs"
        ]
      },
      "locked": {
        "lastModified": 1780637620,
        "narHash": "sha256-ngPdHinPyF0AMxRr32qt+TZCv0sagmooBW14u6DfjSU=",
        "owner": "youwen5",
        "repo": "zen-browser-flake",
        "rev": "8c62bc6a72ac5a5b8d1b41b2b88dfed9d9932c48",
        "type": "github"
      },
      "original": {
        "owner": "youwen5",
        "repo": "zen-browser-flake",
        "type": "github"
      }
    }
  },
  "root": "root",
  "version": 7
}
